// !$*UTF8*$!
{
	archiveVersion = 1;
	classes = {
	};
	objectVersion = 50;
	objects = {

/* Begin PBXFileReference section */
		000A3BA525825A7A002BF707 /* 11.playground */ = {isa = PBXFileReference; lastKnownFileType = file.playground; path = 11.playground; sourceTree = "<group>"; xcLanguageSpecificationIdentifier = xcode.lang.swift; };
		000A3BA625826093002BF707 /* 12.playground */ = {isa = PBXFileReference; lastKnownFileType = file.playground; path = 12.playground; sourceTree = "<group>"; xcLanguageSpecificationIdentifier = xcode.lang.swift; };
		00183E622588EFCC00DD05F9 /* 20.playground */ = {isa = PBXFileReference; lastKnownFileType = file.playground; path = 20.playground; sourceTree = "<group>"; xcLanguageSpecificationIdentifier = xcode.lang.swift; };
		001FF8A2259F232700158146 /* 32.playground */ = {isa = PBXFileReference; lastKnownFileType = file.playground; path = 32.playground; sourceTree = "<group>"; xcLanguageSpecificationIdentifier = xcode.lang.swift; };
		002982F625936320000F4847 /* 26.playground */ = {isa = PBXFileReference; lastKnownFileType = file.playground; path = 26.playground; sourceTree = "<group>"; xcLanguageSpecificationIdentifier = xcode.lang.swift; };
		003FB21525972B4C00F9843D /* 27.playground */ = {isa = PBXFileReference; lastKnownFileType = file.playground; path = 27.playground; sourceTree = "<group>"; xcLanguageSpecificationIdentifier = xcode.lang.swift; };
		007132F9257E4B68002A97D0 /* 4.playground */ = {isa = PBXFileReference; lastKnownFileType = file.playground; path = 4.playground; sourceTree = "<group>"; xcLanguageSpecificationIdentifier = xcode.lang.swift; };
		007132FA257E547C002A97D0 /* 5.playground */ = {isa = PBXFileReference; lastKnownFileType = file.playground; path = 5.playground; sourceTree = "<group>"; xcLanguageSpecificationIdentifier = xcode.lang.swift; };
		00754FC02598B47800BE6A0F /* 28.playground */ = {isa = PBXFileReference; lastKnownFileType = file.playground; path = 28.playground; sourceTree = "<group>"; xcLanguageSpecificationIdentifier = xcode.lang.swift; };
		0096900F258DCF9400AAAF4E /* 21.playground */ = {isa = PBXFileReference; lastKnownFileType = file.playground; path = 21.playground; sourceTree = "<group>"; xcLanguageSpecificationIdentifier = xcode.lang.swift; };
		00969010258DD36600AAAF4E /* 22.playground */ = {isa = PBXFileReference; lastKnownFileType = file.playground; path = 22.playground; sourceTree = "<group>"; xcLanguageSpecificationIdentifier = xcode.lang.swift; };
		00969011258DE9BD00AAAF4E /* 23.playground */ = {isa = PBXFileReference; lastKnownFileType = file.playground; path = 23.playground; sourceTree = "<group>"; xcLanguageSpecificationIdentifier = xcode.lang.swift; };
		0096E3F4258F1485002A17FF /* 24.playground */ = {isa = PBXFileReference; lastKnownFileType = file.playground; path = 24.playground; sourceTree = "<group>"; xcLanguageSpecificationIdentifier = xcode.lang.swift; };
		00A55D1C2590C410008BF480 /* 25.playground */ = {isa = PBXFileReference; lastKnownFileType = file.playground; path = 25.playground; sourceTree = "<group>"; xcLanguageSpecificationIdentifier = xcode.lang.swift; };
		00A5E52E257C8CF100EE1F0B /* 1.playground */ = {isa = PBXFileReference; lastKnownFileType = file.playground; path = 1.playground; sourceTree = "<group>"; xcLanguageSpecificationIdentifier = xcode.lang.swift; };
		00A5E52F257C916A00EE1F0B /* 2.playground */ = {isa = PBXFileReference; lastKnownFileType = file.playground; path = 2.playground; sourceTree = "<group>"; xcLanguageSpecificationIdentifier = xcode.lang.swift; };
		00A5E530257CAEC700EE1F0B /* 3.playground */ = {isa = PBXFileReference; lastKnownFileType = file.playground; path = 3.playground; sourceTree = "<group>"; xcLanguageSpecificationIdentifier = xcode.lang.swift; };
		00B3CBE125810E4D00AA2107 /* 7.playground */ = {isa = PBXFileReference; lastKnownFileType = file.playground; path = 7.playground; sourceTree = "<group>"; xcLanguageSpecificationIdentifier = xcode.lang.swift; };
		00B3CBE22581129800AA2107 /* 8.playground */ = {isa = PBXFileReference; lastKnownFileType = file.playground; path = 8.playground; sourceTree = "<group>"; xcLanguageSpecificationIdentifier = xcode.lang.swift; };
		00B3CBE3258113C000AA2107 /* 9.playground */ = {isa = PBXFileReference; lastKnownFileType = file.playground; path = 9.playground; sourceTree = "<group>"; xcLanguageSpecificationIdentifier = xcode.lang.swift; };
		00B3CBE42581171B00AA2107 /* 10.playground */ = {isa = PBXFileReference; lastKnownFileType = file.playground; path = 10.playground; sourceTree = "<group>"; xcLanguageSpecificationIdentifier = xcode.lang.swift; };
		00BBCBAE2599E94400063C4D /* 31.playground */ = {isa = PBXFileReference; lastKnownFileType = file.playground; path = 31.playground; sourceTree = "<group>"; xcLanguageSpecificationIdentifier = xcode.lang.swift; };
		00BC6BEE2587A4280030E192 /* 18.playground */ = {isa = PBXFileReference; lastKnownFileType = file.playground; path = 18.playground; sourceTree = "<group>"; xcLanguageSpecificationIdentifier = xcode.lang.swift; };
		00BC6BEF2587A74D0030E192 /* 19.playground */ = {isa = PBXFileReference; lastKnownFileType = file.playground; path = 19.playground; sourceTree = "<group>"; xcLanguageSpecificationIdentifier = xcode.lang.swift; };
		00D5FF4E258394C20060894F /* 13.playground */ = {isa = PBXFileReference; lastKnownFileType = file.playground; path = 13.playground; sourceTree = "<group>"; xcLanguageSpecificationIdentifier = xcode.lang.swift; };
		00D5FF4F2583980D0060894F /* 14.playground */ = {isa = PBXFileReference; lastKnownFileType = file.playground; path = 14.playground; sourceTree = "<group>"; xcLanguageSpecificationIdentifier = xcode.lang.swift; };
		00DDD0542599661A00DFC55C /* 29.playground */ = {isa = PBXFileReference; lastKnownFileType = file.playground; path = 29.playground; sourceTree = "<group>"; xcLanguageSpecificationIdentifier = xcode.lang.swift; };
		00DDD055259967C000DFC55C /* 30.playground */ = {isa = PBXFileReference; lastKnownFileType = file.playground; path = 30.playground; sourceTree = "<group>"; xcLanguageSpecificationIdentifier = xcode.lang.swift; };
		00DE45F62584F88C0099D0B6 /* 15.playground */ = {isa = PBXFileReference; lastKnownFileType = file.playground; path = 15.playground; sourceTree = "<group>"; xcLanguageSpecificationIdentifier = xcode.lang.swift; };
		00E79F7E257E89A00058E3A9 /* 6.playground */ = {isa = PBXFileReference; lastKnownFileType = file.playground; path = 6.playground; sourceTree = "<group>"; xcLanguageSpecificationIdentifier = xcode.lang.swift; };
		00E8AD432585B77F008E6561 /* 16.playground */ = {isa = PBXFileReference; lastKnownFileType = file.playground; path = 16.playground; sourceTree = "<group>"; xcLanguageSpecificationIdentifier = xcode.lang.swift; };
		00E8AD442585CF2A008E6561 /* 17.playground */ = {isa = PBXFileReference; lastKnownFileType = file.playground; path = 17.playground; sourceTree = "<group>"; xcLanguageSpecificationIdentifier = xcode.lang.swift; };
/* End PBXFileReference section */

/* Begin PBXGroup section */
		00A5E527257C8CD500EE1F0B = {
			isa = PBXGroup;
			children = (
				001FF8A2259F232700158146 /* 32.playground */,
				00BBCBAE2599E94400063C4D /* 31.playground */,
				00DDD055259967C000DFC55C /* 30.playground */,
				00DDD0542599661A00DFC55C /* 29.playground */,
				00754FC02598B47800BE6A0F /* 28.playground */,
				003FB21525972B4C00F9843D /* 27.playground */,
				002982F625936320000F4847 /* 26.playground */,
				00A55D1C2590C410008BF480 /* 25.playground */,
				0096E3F4258F1485002A17FF /* 24.playground */,
				00969011258DE9BD00AAAF4E /* 23.playground */,
				00969010258DD36600AAAF4E /* 22.playground */,
				0096900F258DCF9400AAAF4E /* 21.playground */,
				00183E622588EFCC00DD05F9 /* 20.playground */,
				00BC6BEF2587A74D0030E192 /* 19.playground */,
				00BC6BEE2587A4280030E192 /* 18.playground */,
				00E8AD442585CF2A008E6561 /* 17.playground */,
				00E8AD432585B77F008E6561 /* 16.playground */,
				00DE45F62584F88C0099D0B6 /* 15.playground */,
				00D5FF4F2583980D0060894F /* 14.playground */,
				00D5FF4E258394C20060894F /* 13.playground */,
				000A3BA625826093002BF707 /* 12.playground */,
				000A3BA525825A7A002BF707 /* 11.playground */,
				00B3CBE42581171B00AA2107 /* 10.playground */,
				00B3CBE3258113C000AA2107 /* 9.playground */,
				00B3CBE22581129800AA2107 /* 8.playground */,
				00B3CBE125810E4D00AA2107 /* 7.playground */,
				00E79F7E257E89A00058E3A9 /* 6.playground */,
				007132FA257E547C002A97D0 /* 5.playground */,
				007132F9257E4B68002A97D0 /* 4.playground */,
				00A5E530257CAEC700EE1F0B /* 3.playground */,
				00A5E52F257C916A00EE1F0B /* 2.playground */,
				00A5E52E257C8CF100EE1F0B /* 1.playground */,
			);
			sourceTree = "<group>";
		};
/* End PBXGroup section */

/* Begin PBXProject section */
		00A5E528257C8CD500EE1F0B /* Project object */ = {
			isa = PBXProject;
			attributes = {
				LastUpgradeCheck = 1220;
			};
			buildConfigurationList = 00A5E52B257C8CD500EE1F0B /* Build configuration list for PBXProject "Swift Grammer" */;
			compatibilityVersion = "Xcode 9.3";
			developmentRegion = en;
			hasScannedForEncodings = 0;
			knownRegions = (
				en,
				Base,
			);
			mainGroup = 00A5E527257C8CD500EE1F0B;
			projectDirPath = "";
			projectRoot = "";
			targets = (
			);
		};
/* End PBXProject section */

/* Begin XCBuildConfiguration section */
		00A5E52C257C8CD500EE1F0B /* Debug */ = {
			isa = XCBuildConfiguration;
			buildSettings = {
			};
			name = Debug;
		};
		00A5E52D257C8CD500EE1F0B /* Release */ = {
			isa = XCBuildConfiguration;
			buildSettings = {
			};
			name = Release;
		};
/* End XCBuildConfiguration section */

/* Begin XCConfigurationList section */
		00A5E52B257C8CD500EE1F0B /* Build configuration list for PBXProject "Swift Grammer" */ = {
			isa = XCConfigurationList;
			buildConfigurations = (
				00A5E52C257C8CD500EE1F0B /* Debug */,
				00A5E52D257C8CD500EE1F0B /* Release */,
			);
			defaultConfigurationIsVisible = 0;
			defaultConfigurationName = Release;
		};
/* End XCConfigurationList section */
	};
	rootObject = 00A5E528257C8CD500EE1F0B /* Project object */;
}
